// !$*UTF8*$!
{
	archiveVersion = 1;
	classes = {
	};
	objectVersion = 50;
	objects = {

/* Begin PBXBuildFile section */
		486E316921C377AB0063B75C /* UIImageView.swift in Sources */ = {isa = PBXBuildFile; fileRef = 486E316821C377AB0063B75C /* UIImageView.swift */; };
		486E316B21C3858E0063B75C /* DetailViewController.swift in Sources */ = {isa = PBXBuildFile; fileRef = 486E316A21C3858E0063B75C /* DetailViewController.swift */; };
		486E316D21C398FC0063B75C /* TopCell.swift in Sources */ = {isa = PBXBuildFile; fileRef = 486E316C21C398FC0063B75C /* TopCell.swift */; };
		486E316F21C39EB30063B75C /* CarouselCell.swift in Sources */ = {isa = PBXBuildFile; fileRef = 486E316E21C39EB30063B75C /* CarouselCell.swift */; };
		486E317321C3BF670063B75C /* DynamicCell.swift in Sources */ = {isa = PBXBuildFile; fileRef = 486E317221C3BF670063B75C /* DynamicCell.swift */; };
		487D443A21C13F45004696A0 /* AppDelegate.swift in Sources */ = {isa = PBXBuildFile; fileRef = 487D443921C13F45004696A0 /* AppDelegate.swift */; };
		487D443C21C13F45004696A0 /* ListViewController.swift in Sources */ = {isa = PBXBuildFile; fileRef = 487D443B21C13F45004696A0 /* ListViewController.swift */; };
		487D444121C13F46004696A0 /* Assets.xcassets in Resources */ = {isa = PBXBuildFile; fileRef = 487D444021C13F46004696A0 /* Assets.xcassets */; };
		487D445F21C14A82004696A0 /* Artwork.swift in Sources */ = {isa = PBXBuildFile; fileRef = 487D445E21C14A82004696A0 /* Artwork.swift */; };
		487D446C21C259FF004696A0 /* URLSessionDataTaskMock.swift in Sources */ = {isa = PBXBuildFile; fileRef = 487D446B21C259FF004696A0 /* URLSessionDataTaskMock.swift */; };
		487D446E21C25BF2004696A0 /* NetworkManager.swift in Sources */ = {isa = PBXBuildFile; fileRef = 487D446D21C25BF2004696A0 /* NetworkManager.swift */; };
		487D447221C266C3004696A0 /* NetworkManagerTests.swift in Sources */ = {isa = PBXBuildFile; fileRef = 487D447121C266C3004696A0 /* NetworkManagerTests.swift */; };
		487D447521C26BD7004696A0 /* raw.txt in Resources */ = {isa = PBXBuildFile; fileRef = 487D447421C26BD7004696A0 /* raw.txt */; };
		487D447721C270E7004696A0 /* URLSessionMock.swift in Sources */ = {isa = PBXBuildFile; fileRef = 487D447621C270E7004696A0 /* URLSessionMock.swift */; };
		487D447B21C28639004696A0 /* ListCell.swift in Sources */ = {isa = PBXBuildFile; fileRef = 487D447A21C28639004696A0 /* ListCell.swift */; };
		48CFD25321C523D5004C2821 /* CategoryCell.swift in Sources */ = {isa = PBXBuildFile; fileRef = 48CFD25221C523D5004C2821 /* CategoryCell.swift */; };
		48CFD25A21C63F6B004C2821 /* StandardCell.swift in Sources */ = {isa = PBXBuildFile; fileRef = 48CFD25921C63F6B004C2821 /* StandardCell.swift */; };
		48CFD25C21C65B52004C2821 /* RatingView.swift in Sources */ = {isa = PBXBuildFile; fileRef = 48CFD25B21C65B52004C2821 /* RatingView.swift */; };
		48CFD25F21C665AA004C2821 /* ListViewControllerTests.swift in Sources */ = {isa = PBXBuildFile; fileRef = 48CFD25E21C665AA004C2821 /* ListViewControllerTests.swift */; };
		48CFD26321C6801B004C2821 /* MockNavigationController.swift in Sources */ = {isa = PBXBuildFile; fileRef = 48CFD26221C6801B004C2821 /* MockNavigationController.swift */; };
		48CFD26721C6833A004C2821 /* DetailViewControllerTests.swift in Sources */ = {isa = PBXBuildFile; fileRef = 48CFD26621C6833A004C2821 /* DetailViewControllerTests.swift */; };
		48EF494B21D77EAF0060E539 /* DataStore.swift in Sources */ = {isa = PBXBuildFile; fileRef = 48EF494A21D77EAF0060E539 /* DataStore.swift */; };
/* End PBXBuildFile section */

/* Begin PBXContainerItemProxy section */
		487D444B21C13F46004696A0 /* PBXContainerItemProxy */ = {
			isa = PBXContainerItemProxy;
			containerPortal = 487D442E21C13F44004696A0 /* Project object */;
			proxyType = 1;
			remoteGlobalIDString = 487D443521C13F45004696A0;
			remoteInfo = StoreClone;
		};
/* End PBXContainerItemProxy section */

/* Begin PBXFileReference section */
		486E316821C377AB0063B75C /* UIImageView.swift */ = {isa = PBXFileReference; lastKnownFileType = sourcecode.swift; path = UIImageView.swift; sourceTree = "<group>"; };
		486E316A21C3858E0063B75C /* DetailViewController.swift */ = {isa = PBXFileReference; lastKnownFileType = sourcecode.swift; path = DetailViewController.swift; sourceTree = "<group>"; };
		486E316C21C398FC0063B75C /* TopCell.swift */ = {isa = PBXFileReference; lastKnownFileType = sourcecode.swift; path = TopCell.swift; sourceTree = "<group>"; };
		486E316E21C39EB30063B75C /* CarouselCell.swift */ = {isa = PBXFileReference; lastKnownFileType = sourcecode.swift; path = CarouselCell.swift; sourceTree = "<group>"; };
		486E317221C3BF670063B75C /* DynamicCell.swift */ = {isa = PBXFileReference; lastKnownFileType = sourcecode.swift; path = DynamicCell.swift; sourceTree = "<group>"; };
		487D443621C13F45004696A0 /* StoreClone.app */ = {isa = PBXFileReference; explicitFileType = wrapper.application; includeInIndex = 0; path = StoreClone.app; sourceTree = BUILT_PRODUCTS_DIR; };
		487D443921C13F45004696A0 /* AppDelegate.swift */ = {isa = PBXFileReference; lastKnownFileType = sourcecode.swift; path = AppDelegate.swift; sourceTree = "<group>"; };
		487D443B21C13F45004696A0 /* ListViewController.swift */ = {isa = PBXFileReference; lastKnownFileType = sourcecode.swift; path = ListViewController.swift; sourceTree = "<group>"; };
		487D444021C13F46004696A0 /* Assets.xcassets */ = {isa = PBXFileReference; lastKnownFileType = folder.assetcatalog; path = Assets.xcassets; sourceTree = "<group>"; };
		487D444521C13F46004696A0 /* Info.plist */ = {isa = PBXFileReference; lastKnownFileType = text.plist.xml; path = Info.plist; sourceTree = "<group>"; };
		487D444A21C13F46004696A0 /* StoreCloneTests.xctest */ = {isa = PBXFileReference; explicitFileType = wrapper.cfbundle; includeInIndex = 0; path = StoreCloneTests.xctest; sourceTree = BUILT_PRODUCTS_DIR; };
		487D445021C13F46004696A0 /* Info.plist */ = {isa = PBXFileReference; lastKnownFileType = text.plist.xml; path = Info.plist; sourceTree = "<group>"; };
		487D445E21C14A82004696A0 /* Artwork.swift */ = {isa = PBXFileReference; lastKnownFileType = sourcecode.swift; path = Artwork.swift; sourceTree = "<group>"; };
		487D446B21C259FF004696A0 /* URLSessionDataTaskMock.swift */ = {isa = PBXFileReference; lastKnownFileType = sourcecode.swift; path = URLSessionDataTaskMock.swift; sourceTree = "<group>"; };
		487D446D21C25BF2004696A0 /* NetworkManager.swift */ = {isa = PBXFileReference; lastKnownFileType = sourcecode.swift; path = NetworkManager.swift; sourceTree = "<group>"; };
		487D447121C266C3004696A0 /* NetworkManagerTests.swift */ = {isa = PBXFileReference; lastKnownFileType = sourcecode.swift; path = NetworkManagerTests.swift; sourceTree = "<group>"; };
		487D447421C26BD7004696A0 /* raw.txt */ = {isa = PBXFileReference; fileEncoding = 4; lastKnownFileType = text; path = raw.txt; sourceTree = "<group>"; };
		487D447621C270E7004696A0 /* URLSessionMock.swift */ = {isa = PBXFileReference; lastKnownFileType = sourcecode.swift; path = URLSessionMock.swift; sourceTree = "<group>"; };
		487D447A21C28639004696A0 /* ListCell.swift */ = {isa = PBXFileReference; lastKnownFileType = sourcecode.swift; path = ListCell.swift; sourceTree = "<group>"; };
		48CFD25221C523D5004C2821 /* CategoryCell.swift */ = {isa = PBXFileReference; lastKnownFileType = sourcecode.swift; path = CategoryCell.swift; sourceTree = "<group>"; };
		48CFD25921C63F6B004C2821 /* StandardCell.swift */ = {isa = PBXFileReference; lastKnownFileType = sourcecode.swift; path = StandardCell.swift; sourceTree = "<group>"; };
		48CFD25B21C65B52004C2821 /* RatingView.swift */ = {isa = PBXFileReference; lastKnownFileType = sourcecode.swift; path = RatingView.swift; sourceTree = "<group>"; };
		48CFD25E21C665AA004C2821 /* ListViewControllerTests.swift */ = {isa = PBXFileReference; lastKnownFileType = sourcecode.swift; path = ListViewControllerTests.swift; sourceTree = "<group>"; };
		48CFD26221C6801B004C2821 /* MockNavigationController.swift */ = {isa = PBXFileReference; lastKnownFileType = sourcecode.swift; path = MockNavigationController.swift; sourceTree = "<group>"; };
		48CFD26621C6833A004C2821 /* DetailViewControllerTests.swift */ = {isa = PBXFileReference; lastKnownFileType = sourcecode.swift; path = DetailViewControllerTests.swift; sourceTree = "<group>"; };
		48EF494A21D77EAF0060E539 /* DataStore.swift */ = {isa = PBXFileReference; lastKnownFileType = sourcecode.swift; path = DataStore.swift; sourceTree = "<group>"; };
/* End PBXFileReference section */

/* Begin PBXFrameworksBuildPhase section */
		487D443321C13F45004696A0 /* Frameworks */ = {
			isa = PBXFrameworksBuildPhase;
			buildActionMask = 2147483647;
			files = (
			);
			runOnlyForDeploymentPostprocessing = 0;
		};
		487D444721C13F46004696A0 /* Frameworks */ = {
			isa = PBXFrameworksBuildPhase;
			buildActionMask = 2147483647;
			files = (
			);
			runOnlyForDeploymentPostprocessing = 0;
		};
/* End PBXFrameworksBuildPhase section */

/* Begin PBXGroup section */
		486E316721C377980063B75C /* Extensions */ = {
			isa = PBXGroup;
			children = (
				486E316821C377AB0063B75C /* UIImageView.swift */,
			);
			path = Extensions;
			sourceTree = "<group>";
		};
		487D442D21C13F44004696A0 = {
			isa = PBXGroup;
			children = (
				487D443821C13F45004696A0 /* StoreClone */,
				487D444D21C13F46004696A0 /* StoreCloneTests */,
				487D443721C13F45004696A0 /* Products */,
			);
			sourceTree = "<group>";
		};
		487D443721C13F45004696A0 /* Products */ = {
			isa = PBXGroup;
			children = (
				487D443621C13F45004696A0 /* StoreClone.app */,
				487D444A21C13F46004696A0 /* StoreCloneTests.xctest */,
			);
			name = Products;
			sourceTree = "<group>";
		};
		487D443821C13F45004696A0 /* StoreClone */ = {
			isa = PBXGroup;
			children = (
				486E316721C377980063B75C /* Extensions */,
				487D446021C23420004696A0 /* Services */,
				487D445921C14027004696A0 /* AppDelegate */,
				487D445A21C14046004696A0 /* Controllers */,
				487D445B21C14052004696A0 /* Models */,
				487D445C21C1405B004696A0 /* Resources */,
				487D445D21C14066004696A0 /* Views */,
			);
			path = StoreClone;
			sourceTree = "<group>";
		};
		487D444D21C13F46004696A0 /* StoreCloneTests */ = {
			isa = PBXGroup;
			children = (
				48CFD25D21C6658F004C2821 /* Controllers */,
				48CFD25621C61AD2004C2821 /* Services */,
				487D447421C26BD7004696A0 /* raw.txt */,
				487D447321C26A6B004696A0 /* Mocks */,
				487D445021C13F46004696A0 /* Info.plist */,
			);
			path = StoreCloneTests;
			sourceTree = "<group>";
		};
		487D445921C14027004696A0 /* AppDelegate */ = {
			isa = PBXGroup;
			children = (
				487D443921C13F45004696A0 /* AppDelegate.swift */,
			);
			path = AppDelegate;
			sourceTree = "<group>";
		};
		487D445A21C14046004696A0 /* Controllers */ = {
			isa = PBXGroup;
			children = (
				487D443B21C13F45004696A0 /* ListViewController.swift */,
				486E316A21C3858E0063B75C /* DetailViewController.swift */,
			);
			path = Controllers;
			sourceTree = "<group>";
		};
		487D445B21C14052004696A0 /* Models */ = {
			isa = PBXGroup;
			children = (
				487D445E21C14A82004696A0 /* Artwork.swift */,
			);
			path = Models;
			sourceTree = "<group>";
		};
		487D445C21C1405B004696A0 /* Resources */ = {
			isa = PBXGroup;
			children = (
				487D444521C13F46004696A0 /* Info.plist */,
				487D444021C13F46004696A0 /* Assets.xcassets */,
			);
			path = Resources;
			sourceTree = "<group>";
		};
		487D445D21C14066004696A0 /* Views */ = {
			isa = PBXGroup;
			children = (
				487D447A21C28639004696A0 /* ListCell.swift */,
				486E316C21C398FC0063B75C /* TopCell.swift */,
				486E316E21C39EB30063B75C /* CarouselCell.swift */,
				486E317221C3BF670063B75C /* DynamicCell.swift */,
				48CFD25221C523D5004C2821 /* CategoryCell.swift */,
				48CFD25921C63F6B004C2821 /* StandardCell.swift */,
				48CFD25B21C65B52004C2821 /* RatingView.swift */,
			);
			path = Views;
			sourceTree = "<group>";
		};
		487D446021C23420004696A0 /* Services */ = {
			isa = PBXGroup;
			children = (
				487D446D21C25BF2004696A0 /* NetworkManager.swift */,
				48EF494A21D77EAF0060E539 /* DataStore.swift */,
			);
			path = Services;
			sourceTree = "<group>";
		};
		487D447321C26A6B004696A0 /* Mocks */ = {
			isa = PBXGroup;
			children = (
				487D446B21C259FF004696A0 /* URLSessionDataTaskMock.swift */,
				487D447621C270E7004696A0 /* URLSessionMock.swift */,
				48CFD26221C6801B004C2821 /* MockNavigationController.swift */,
			);
			path = Mocks;
			sourceTree = "<group>";
		};
		48CFD25621C61AD2004C2821 /* Services */ = {
			isa = PBXGroup;
			children = (
				487D447121C266C3004696A0 /* NetworkManagerTests.swift */,
			);
			path = Services;
			sourceTree = "<group>";
		};
		48CFD25D21C6658F004C2821 /* Controllers */ = {
			isa = PBXGroup;
			children = (
				48CFD25E21C665AA004C2821 /* ListViewControllerTests.swift */,
				48CFD26621C6833A004C2821 /* DetailViewControllerTests.swift */,
			);
			path = Controllers;
			sourceTree = "<group>";
		};
/* End PBXGroup section */

/* Begin PBXNativeTarget section */
		487D443521C13F45004696A0 /* StoreClone */ = {
			isa = PBXNativeTarget;
			buildConfigurationList = 487D445321C13F46004696A0 /* Build configuration list for PBXNativeTarget "StoreClone" */;
			buildPhases = (
				487D443221C13F45004696A0 /* Sources */,
				487D443321C13F45004696A0 /* Frameworks */,
				487D443421C13F45004696A0 /* Resources */,
			);
			buildRules = (
			);
			dependencies = (
			);
			name = StoreClone;
			productName = StoreClone;
			productReference = 487D443621C13F45004696A0 /* StoreClone.app */;
			productType = "com.apple.product-type.application";
		};
		487D444921C13F46004696A0 /* StoreCloneTests */ = {
			isa = PBXNativeTarget;
			buildConfigurationList = 487D445621C13F46004696A0 /* Build configuration list for PBXNativeTarget "StoreCloneTests" */;
			buildPhases = (
				487D444621C13F46004696A0 /* Sources */,
				487D444721C13F46004696A0 /* Frameworks */,
				487D444821C13F46004696A0 /* Resources */,
			);
			buildRules = (
			);
			dependencies = (
				487D444C21C13F46004696A0 /* PBXTargetDependency */,
			);
			name = StoreCloneTests;
			productName = StoreCloneTests;
			productReference = 487D444A21C13F46004696A0 /* StoreCloneTests.xctest */;
			productType = "com.apple.product-type.bundle.unit-test";
		};
/* End PBXNativeTarget section */

/* Begin PBXProject section */
		487D442E21C13F44004696A0 /* Project object */ = {
			isa = PBXProject;
			attributes = {
				LastSwiftUpdateCheck = 1010;
				LastUpgradeCheck = 1010;
				ORGANIZATIONNAME = samchon;
				TargetAttributes = {
					487D443521C13F45004696A0 = {
						CreatedOnToolsVersion = 10.1;
					};
					487D444921C13F46004696A0 = {
						CreatedOnToolsVersion = 10.1;
						TestTargetID = 487D443521C13F45004696A0;
					};
				};
			};
			buildConfigurationList = 487D443121C13F44004696A0 /* Build configuration list for PBXProject "StoreClone" */;
			compatibilityVersion = "Xcode 9.3";
			developmentRegion = en;
			hasScannedForEncodings = 0;
			knownRegions = (
				en,
				Base,
			);
			mainGroup = 487D442D21C13F44004696A0;
			productRefGroup = 487D443721C13F45004696A0 /* Products */;
			projectDirPath = "";
			projectRoot = "";
			targets = (
				487D443521C13F45004696A0 /* StoreClone */,
				487D444921C13F46004696A0 /* StoreCloneTests */,
			);
		};
/* End PBXProject section */

/* Begin PBXResourcesBuildPhase section */
		487D443421C13F45004696A0 /* Resources */ = {
			isa = PBXResourcesBuildPhase;
			buildActionMask = 2147483647;
			files = (
				487D444121C13F46004696A0 /* Assets.xcassets in Resources */,
			);
			runOnlyForDeploymentPostprocessing = 0;
		};
		487D444821C13F46004696A0 /* Resources */ = {
			isa = PBXResourcesBuildPhase;
			buildActionMask = 2147483647;
			files = (
				487D447521C26BD7004696A0 /* raw.txt in Resources */,
			);
			runOnlyForDeploymentPostprocessing = 0;
		};
/* End PBXResourcesBuildPhase section */

/* Begin PBXSourcesBuildPhase section */
		487D443221C13F45004696A0 /* Sources */ = {
			isa = PBXSourcesBuildPhase;
			buildActionMask = 2147483647;
			files = (
				48CFD25321C523D5004C2821 /* CategoryCell.swift in Sources */,
				486E317321C3BF670063B75C /* DynamicCell.swift in Sources */,
				487D446E21C25BF2004696A0 /* NetworkManager.swift in Sources */,
				487D443C21C13F45004696A0 /* ListViewController.swift in Sources */,
				487D445F21C14A82004696A0 /* Artwork.swift in Sources */,
				486E316F21C39EB30063B75C /* CarouselCell.swift in Sources */,
				486E316D21C398FC0063B75C /* TopCell.swift in Sources */,
				48EF494B21D77EAF0060E539 /* DataStore.swift in Sources */,
				48CFD25C21C65B52004C2821 /* RatingView.swift in Sources */,
				487D447B21C28639004696A0 /* ListCell.swift in Sources */,
				486E316921C377AB0063B75C /* UIImageView.swift in Sources */,
				48CFD25A21C63F6B004C2821 /* StandardCell.swift in Sources */,
				487D443A21C13F45004696A0 /* AppDelegate.swift in Sources */,
				486E316B21C3858E0063B75C /* DetailViewController.swift in Sources */,
			);
			runOnlyForDeploymentPostprocessing = 0;
		};
		487D444621C13F46004696A0 /* Sources */ = {
			isa = PBXSourcesBuildPhase;
			buildActionMask = 2147483647;
			files = (
				487D447721C270E7004696A0 /* URLSessionMock.swift in Sources */,
				48CFD26321C6801B004C2821 /* MockNavigationController.swift in Sources */,
				487D447221C266C3004696A0 /* NetworkManagerTests.swift in Sources */,
				48CFD25F21C665AA004C2821 /* ListViewControllerTests.swift in Sources */,
				487D446C21C259FF004696A0 /* URLSessionDataTaskMock.swift in Sources */,
				48CFD26721C6833A004C2821 /* DetailViewControllerTests.swift in Sources */,
			);
			runOnlyForDeploymentPostprocessing = 0;
		};
/* End PBXSourcesBuildPhase section */

/* Begin PBXTargetDependency section */
		487D444C21C13F46004696A0 /* PBXTargetDependency */ = {
			isa = PBXTargetDependency;
			target = 487D443521C13F45004696A0 /* StoreClone */;
			targetProxy = 487D444B21C13F46004696A0 /* PBXContainerItemProxy */;
		};
/* End PBXTargetDependency section */

/* Begin XCBuildConfiguration section */
		487D445121C13F46004696A0 /* Debug */ = {
			isa = XCBuildConfiguration;
			buildSettings = {
				ALWAYS_SEARCH_USER_PATHS = NO;
				CLANG_ANALYZER_NONNULL = YES;
				CLANG_ANALYZER_NUMBER_OBJECT_CONVERSION = YES_AGGRESSIVE;
				CLANG_CXX_LANGUAGE_STANDARD = "gnu++14";
				CLANG_CXX_LIBRARY = "libc++";
				CLANG_ENABLE_MODULES = YES;
				CLANG_ENABLE_OBJC_ARC = YES;
				CLANG_ENABLE_OBJC_WEAK = YES;
				CLANG_WARN_BLOCK_CAPTURE_AUTORELEASING = YES;
				CLANG_WARN_BOOL_CONVERSION = YES;
				CLANG_WARN_COMMA = YES;
				CLANG_WARN_CONSTANT_CONVERSION = YES;
				CLANG_WARN_DEPRECATED_OBJC_IMPLEMENTATIONS = YES;
				CLANG_WARN_DIRECT_OBJC_ISA_USAGE = YES_ERROR;
				CLANG_WARN_DOCUMENTATION_COMMENTS = YES;
				CLANG_WARN_EMPTY_BODY = YES;
				CLANG_WARN_ENUM_CONVERSION = YES;
				CLANG_WARN_INFINITE_RECURSION = YES;
				CLANG_WARN_INT_CONVERSION = YES;
				CLANG_WARN_NON_LITERAL_NULL_CONVERSION = YES;
				CLANG_WARN_OBJC_IMPLICIT_RETAIN_SELF = YES;
				CLANG_WARN_OBJC_LITERAL_CONVERSION = YES;
				CLANG_WARN_OBJC_ROOT_CLASS = YES_ERROR;
				CLANG_WARN_RANGE_LOOP_ANALYSIS = YES;
				CLANG_WARN_STRICT_PROTOTYPES = YES;
				CLANG_WARN_SUSPICIOUS_MOVE = YES;
				CLANG_WARN_UNGUARDED_AVAILABILITY = YES_AGGRESSIVE;
				CLANG_WARN_UNREACHABLE_CODE = YES;
				CLANG_WARN__DUPLICATE_METHOD_MATCH = YES;
				CODE_SIGN_IDENTITY = "iPhone Developer";
				COPY_PHASE_STRIP = NO;
				DEBUG_INFORMATION_FORMAT = dwarf;
				ENABLE_STRICT_OBJC_MSGSEND = YES;
				ENABLE_TESTABILITY = YES;
				GCC_C_LANGUAGE_STANDARD = gnu11;
				GCC_DYNAMIC_NO_PIC = NO;
				GCC_NO_COMMON_BLOCKS = YES;
				GCC_OPTIMIZATION_LEVEL = 0;
				GCC_PREPROCESSOR_DEFINITIONS = (
					"DEBUG=1",
					"$(inherited)",
				);
				GCC_WARN_64_TO_32_BIT_CONVERSION = YES;
				GCC_WARN_ABOUT_RETURN_TYPE = YES_ERROR;
				GCC_WARN_UNDECLARED_SELECTOR = YES;
				GCC_WARN_UNINITIALIZED_AUTOS = YES_AGGRESSIVE;
				GCC_WARN_UNUSED_FUNCTION = YES;
				GCC_WARN_UNUSED_VARIABLE = YES;
				IPHONEOS_DEPLOYMENT_TARGET = 12.1;
				MTL_ENABLE_DEBUG_INFO = INCLUDE_SOURCE;
				MTL_FAST_MATH = YES;
				ONLY_ACTIVE_ARCH = YES;
				SDKROOT = iphoneos;
				SWIFT_ACTIVE_COMPILATION_CONDITIONS = DEBUG;
				SWIFT_OPTIMIZATION_LEVEL = "-Onone";
			};
			name = Debug;
		};
		487D445221C13F46004696A0 /* Release */ = {
			isa = XCBuildConfiguration;
			buildSettings = {
				ALWAYS_SEARCH_USER_PATHS = NO;
				CLANG_ANALYZER_NONNULL = YES;
				CLANG_ANALYZER_NUMBER_OBJECT_CONVERSION = YES_AGGRESSIVE;
				CLANG_CXX_LANGUAGE_STANDARD = "gnu++14";
				CLANG_CXX_LIBRARY = "libc++";
				CLANG_ENABLE_MODULES = YES;
				CLANG_ENABLE_OBJC_ARC = YES;
				CLANG_ENABLE_OBJC_WEAK = YES;
				CLANG_WARN_BLOCK_CAPTURE_AUTORELEASING = YES;
				CLANG_WARN_BOOL_CONVERSION = YES;
				CLANG_WARN_COMMA = YES;
				CLANG_WARN_CONSTANT_CONVERSION = YES;
				CLANG_WARN_DEPRECATED_OBJC_IMPLEMENTATIONS = YES;
				CLANG_WARN_DIRECT_OBJC_ISA_USAGE = YES_ERROR;
				CLANG_WARN_DOCUMENTATION_COMMENTS = YES;
				CLANG_WARN_EMPTY_BODY = YES;
				CLANG_WARN_ENUM_CONVERSION = YES;
				CLANG_WARN_INFINITE_RECURSION = YES;
				CLANG_WARN_INT_CONVERSION = YES;
				CLANG_WARN_NON_LITERAL_NULL_CONVERSION = YES;
				CLANG_WARN_OBJC_IMPLICIT_RETAIN_SELF = YES;
				CLANG_WARN_OBJC_LITERAL_CONVERSION = YES;
				CLANG_WARN_OBJC_ROOT_CLASS = YES_ERROR;
				CLANG_WARN_RANGE_LOOP_ANALYSIS = YES;
				CLANG_WARN_STRICT_PROTOTYPES = YES;
				CLANG_WARN_SUSPICIOUS_MOVE = YES;
				CLANG_WARN_UNGUARDED_AVAILABILITY = YES_AGGRESSIVE;
				CLANG_WARN_UNREACHABLE_CODE = YES;
				CLANG_WARN__DUPLICATE_METHOD_MATCH = YES;
				CODE_SIGN_IDENTITY = "iPhone Developer";
				COPY_PHASE_STRIP = NO;
				DEBUG_INFORMATION_FORMAT = "dwarf-with-dsym";
				ENABLE_NS_ASSERTIONS = NO;
				ENABLE_STRICT_OBJC_MSGSEND = YES;
				GCC_C_LANGUAGE_STANDARD = gnu11;
				GCC_NO_COMMON_BLOCKS = YES;
				GCC_WARN_64_TO_32_BIT_CONVERSION = YES;
				GCC_WARN_ABOUT_RETURN_TYPE = YES_ERROR;
				GCC_WARN_UNDECLARED_SELECTOR = YES;
				GCC_WARN_UNINITIALIZED_AUTOS = YES_AGGRESSIVE;
				GCC_WARN_UNUSED_FUNCTION = YES;
				GCC_WARN_UNUSED_VARIABLE = YES;
				IPHONEOS_DEPLOYMENT_TARGET = 12.1;
				MTL_ENABLE_DEBUG_INFO = NO;
				MTL_FAST_MATH = YES;
				SDKROOT = iphoneos;
				SWIFT_COMPILATION_MODE = wholemodule;
				SWIFT_OPTIMIZATION_LEVEL = "-O";
				VALIDATE_PRODUCT = YES;
			};
			name = Release;
		};
		487D445421C13F46004696A0 /* Debug */ = {
			isa = XCBuildConfiguration;
			buildSettings = {
				ASSETCATALOG_COMPILER_APPICON_NAME = AppIcon;
				CODE_SIGN_STYLE = Automatic;
				DEVELOPMENT_TEAM = CA736F4E8H;
				INFOPLIST_FILE = "$(SRCROOT)/StoreClone/Resources/Info.plist";
				LD_RUNPATH_SEARCH_PATHS = (
					"$(inherited)",
					"@executable_path/Frameworks",
				);
				PRODUCT_BUNDLE_IDENTIFIER = com.samchon.StoreClone;
				PRODUCT_NAME = "$(TARGET_NAME)";
				SWIFT_VERSION = 4.2;
				TARGETED_DEVICE_FAMILY = "1,2";
			};
			name = Debug;
		};
		487D445521C13F46004696A0 /* Release */ = {
			isa = XCBuildConfiguration;
			buildSettings = {
				ASSETCATALOG_COMPILER_APPICON_NAME = AppIcon;
				CODE_SIGN_STYLE = Automatic;
				DEVELOPMENT_TEAM = CA736F4E8H;
				INFOPLIST_FILE = "$(SRCROOT)/StoreClone/Resources/Info.plist";
				LD_RUNPATH_SEARCH_PATHS = (
					"$(inherited)",
					"@executable_path/Frameworks",
				);
				PRODUCT_BUNDLE_IDENTIFIER = com.samchon.StoreClone;
				PRODUCT_NAME = "$(TARGET_NAME)";
				SWIFT_VERSION = 4.2;
				TARGETED_DEVICE_FAMILY = "1,2";
			};
			name = Release;
		};
		487D445721C13F46004696A0 /* Debug */ = {
			isa = XCBuildConfiguration;
			buildSettings = {
				ALWAYS_EMBED_SWIFT_STANDARD_LIBRARIES = YES;
				BUNDLE_LOADER = "$(TEST_HOST)";
				CODE_SIGN_STYLE = Automatic;
				DEVELOPMENT_TEAM = CA736F4E8H;
				INFOPLIST_FILE = StoreCloneTests/Info.plist;
				LD_RUNPATH_SEARCH_PATHS = (
					"$(inherited)",
					"@executable_path/Frameworks",
					"@loader_path/Frameworks",
				);
				PRODUCT_BUNDLE_IDENTIFIER = com.samchon.StoreCloneTests;
				PRODUCT_NAME = "$(TARGET_NAME)";
				SWIFT_VERSION = 4.2;
				TARGETED_DEVICE_FAMILY = "1,2";
				TEST_HOST = "$(BUILT_PRODUCTS_DIR)/StoreClone.app/StoreClone";
			};
			name = Debug;
		};
		487D445821C13F46004696A0 /* Release */ = {
			isa = XCBuildConfiguration;
			buildSettings = {
				ALWAYS_EMBED_SWIFT_STANDARD_LIBRARIES = YES;
				BUNDLE_LOADER = "$(TEST_HOST)";
				CODE_SIGN_STYLE = Automatic;
				DEVELOPMENT_TEAM = CA736F4E8H;
				INFOPLIST_FILE = StoreCloneTests/Info.plist;
				LD_RUNPATH_SEARCH_PATHS = (
					"$(inherited)",
					"@executable_path/Frameworks",
					"@loader_path/Frameworks",
				);
				PRODUCT_BUNDLE_IDENTIFIER = com.samchon.StoreCloneTests;
				PRODUCT_NAME = "$(TARGET_NAME)";
				SWIFT_VERSION = 4.2;
				TARGETED_DEVICE_FAMILY = "1,2";
				TEST_HOST = "$(BUILT_PRODUCTS_DIR)/StoreClone.app/StoreClone";
			};
			name = Release;
		};
/* End XCBuildConfiguration section */

/* Begin XCConfigurationList section */
		487D443121C13F44004696A0 /* Build configuration list for PBXProject "StoreClone" */ = {
			isa = XCConfigurationList;
			buildConfigurations = (
				487D445121C13F46004696A0 /* Debug */,
				487D445221C13F46004696A0 /* Release */,
			);
			defaultConfigurationIsVisible = 0;
			defaultConfigurationName = Release;
		};
		487D445321C13F46004696A0 /* Build configuration list for PBXNativeTarget "StoreClone" */ = {
			isa = XCConfigurationList;
			buildConfigurations = (
				487D445421C13F46004696A0 /* Debug */,
				487D445521C13F46004696A0 /* Release */,
			);
			defaultConfigurationIsVisible = 0;
			defaultConfigurationName = Release;
		};
		487D445621C13F46004696A0 /* Build configuration list for PBXNativeTarget "StoreCloneTests" */ = {
			isa = XCConfigurationList;
			buildConfigurations = (
				487D445721C13F46004696A0 /* Debug */,
				487D445821C13F46004696A0 /* Release */,
			);
			defaultConfigurationIsVisible = 0;
			defaultConfigurationName = Release;
		};
/* End XCConfigurationList section */
	};
	rootObject = 487D442E21C13F44004696A0 /* Project object */;
}
